
Microsoft Visual Studio Solution File, Format Version 12.00
# Visual Studio 2013
VisualStudioVersion = 12.0.21005.1
MinimumVisualStudioVersion = 10.0.40219.1
Project("{FAE04EC0-301F-11D3-BF4B-00C04F79EFBC}") = "SP10Concoct", "SP10Concoct\SP10Concoct.csproj", "{19DF710F-9DE6-4BBF-B3CB-52BEA606E321}"
EndProject
Project("{FAE04EC0-301F-11D3-BF4B-00C04F79EFBC}") = "SPConcoct.Common", "SPConcoct.Common\SPConcoct.Common.csproj", "{2A0C92AE-EF37-4329-8D54-A35F0423AD28}"
EndProject
Project("{FAE04EC0-301F-11D3-BF4B-00C04F79EFBC}") = "SPConcoct.SAPConnect", "SPConcoct.SAPConnect\SPConcoct.SAPConnect.csproj", "{6CE3E2B9-17A3-40AD-8C5F-59BFE0E2EF4E}"
EndProject
Project("{FAE04EC0-301F-11D3-BF4B-00C04F79EFBC}") = "SPConcoct.Branding", "SPConcoct.Branding\SPConcoct.Branding.csproj", "{E8D79E02-3A63-47FF-AF21-C608D2B9F0CB}"
EndProject
Project("{FAE04EC0-301F-11D3-BF4B-00C04F79EFBC}") = "SPConcoct.SPCommon", "SPConcoct.SPCommon\SPConcoct.SPCommon.csproj", "{B8ABD71D-A576-4773-8BBC-FC1041EE0B8C}"
EndProject
Global
	GlobalSection(TeamFoundationVersionControl) = preSolution
		SccNumberOfProjects = 6
		SccEnterpriseProvider = {4CA58AB2-18FA-4F8D-95D4-32DDF27D184C}
		SccTeamFoundationServer = https://tfs.codeplex.com/tfs/tfs32
		SccLocalPath0 = .
		SccProjectUniqueName1 = SPConcoct.SPCommon\\SPConcoct.SPCommon.csproj
		SccProjectName1 = SPConcoct.SPCommon
		SccLocalPath1 = SPConcoct.SPCommon
		SccProjectUniqueName2 = SP10Concoct.csproj
		SccLocalPath2 = .
		SccProjectUniqueName3 = SPConcoct.Common\\SPConcoct.Common.csproj
		SccProjectName3 = SPConcoct.Common
		SccLocalPath3 = SPConcoct.Common
		SccProjectUniqueName4 = SPConcoct.SAPConnect\\SPConcoct.SAPConnect.csproj
		SccProjectName4 = SPConcoct.SAPConnect
		SccLocalPath4 = SPConcoct.SAPConnect
		SccProjectUniqueName5 = SPConcoct.Branding\\SPConcoct.Branding.csproj
		SccProjectName5 = SPConcoct.Branding
		SccLocalPath5 = SPConcoct.Branding
	EndGlobalSection
	GlobalSection(SolutionConfigurationPlatforms) = preSolution
		Debug|Any CPU = Debug|Any CPU
		Release|Any CPU = Release|Any CPU
	EndGlobalSection
	GlobalSection(ProjectConfigurationPlatforms) = postSolution
		{19DF710F-9DE6-4BBF-B3CB-52BEA606E321}.Debug|Any CPU.ActiveCfg = Debug|Any CPU
		{19DF710F-9DE6-4BBF-B3CB-52BEA606E321}.Debug|Any CPU.Build.0 = Debug|Any CPU
		{19DF710F-9DE6-4BBF-B3CB-52BEA606E321}.Debug|Any CPU.Deploy.0 = Debug|Any CPU
		{19DF710F-9DE6-4BBF-B3CB-52BEA606E321}.Release|Any CPU.ActiveCfg = Release|Any CPU
		{19DF710F-9DE6-4BBF-B3CB-52BEA606E321}.Release|Any CPU.Build.0 = Release|Any CPU
		{19DF710F-9DE6-4BBF-B3CB-52BEA606E321}.Release|Any CPU.Deploy.0 = Release|Any CPU
		{2A0C92AE-EF37-4329-8D54-A35F0423AD28}.Debug|Any CPU.ActiveCfg = Debug|Any CPU
		{2A0C92AE-EF37-4329-8D54-A35F0423AD28}.Debug|Any CPU.Build.0 = Debug|Any CPU
		{2A0C92AE-EF37-4329-8D54-A35F0423AD28}.Release|Any CPU.ActiveCfg = Release|Any CPU
		{2A0C92AE-EF37-4329-8D54-A35F0423AD28}.Release|Any CPU.Build.0 = Release|Any CPU
		{6CE3E2B9-17A3-40AD-8C5F-59BFE0E2EF4E}.Debug|Any CPU.ActiveCfg = Debug|Any CPU
		{6CE3E2B9-17A3-40AD-8C5F-59BFE0E2EF4E}.Debug|Any CPU.Build.0 = Debug|Any CPU
		{6CE3E2B9-17A3-40AD-8C5F-59BFE0E2EF4E}.Release|Any CPU.ActiveCfg = Release|Any CPU
		{6CE3E2B9-17A3-40AD-8C5F-59BFE0E2EF4E}.Release|Any CPU.Build.0 = Release|Any CPU
		{E8D79E02-3A63-47FF-AF21-C608D2B9F0CB}.Debug|Any CPU.ActiveCfg = Debug|Any CPU
		{E8D79E02-3A63-47FF-AF21-C608D2B9F0CB}.Debug|Any CPU.Build.0 = Debug|Any CPU
		{E8D79E02-3A63-47FF-AF21-C608D2B9F0CB}.Debug|Any CPU.Deploy.0 = Debug|Any CPU
		{E8D79E02-3A63-47FF-AF21-C608D2B9F0CB}.Release|Any CPU.ActiveCfg = Release|Any CPU
		{E8D79E02-3A63-47FF-AF21-C608D2B9F0CB}.Release|Any CPU.Build.0 = Release|Any CPU
		{E8D79E02-3A63-47FF-AF21-C608D2B9F0CB}.Release|Any CPU.Deploy.0 = Release|Any CPU
		{B8ABD71D-A576-4773-8BBC-FC1041EE0B8C}.Debug|Any CPU.ActiveCfg = Debug|Any CPU
		{B8ABD71D-A576-4773-8BBC-FC1041EE0B8C}.Debug|Any CPU.Build.0 = Debug|Any CPU
		{B8ABD71D-A576-4773-8BBC-FC1041EE0B8C}.Release|Any CPU.ActiveCfg = Release|Any CPU
		{B8ABD71D-A576-4773-8BBC-FC1041EE0B8C}.Release|Any CPU.Build.0 = Release|Any CPU
	EndGlobalSection
	GlobalSection(SolutionProperties) = preSolution
		HideSolutionNode = FALSE
	EndGlobalSection
EndGlobal
